
Microsoft Visual Studio Solution File, Format Version 12.00
# Visual Studio Version 18
VisualStudioVersion = 18.5.11605.296
MinimumVisualStudioVersion = 10.0.40219.1
Project("{FAE04EC0-301F-11D3-BF4B-00C04F79EFBC}") = "PokemonUmbraco", "PokemonUmbraco.csproj", "{09527FBA-8F5D-AD72-F00D-03F01C1EF696}"
EndProject
Project("{FAE04EC0-301F-11D3-BF4B-00C04F79EFBC}") = "PokemonUmbraco.Tests", "..\PokemonUmbraco.Tests\PokemonUmbraco.Tests.csproj", "{52AD4CB6-534F-4B87-A32E-53FDBA9F6100}"
EndProject
Global
	GlobalSection(SolutionConfigurationPlatforms) = preSolution
		Debug|Any CPU = Debug|Any CPU
		Release|Any CPU = Release|Any CPU
	EndGlobalSection
	GlobalSection(ProjectConfigurationPlatforms) = postSolution
		{09527FBA-8F5D-AD72-F00D-03F01C1EF696}.Debug|Any CPU.ActiveCfg = Debug|Any CPU
		{09527FBA-8F5D-AD72-F00D-03F01C1EF696}.Debug|Any CPU.Build.0 = Debug|Any CPU
		{09527FBA-8F5D-AD72-F00D-03F01C1EF696}.Release|Any CPU.ActiveCfg = Release|Any CPU
		{09527FBA-8F5D-AD72-F00D-03F01C1EF696}.Release|Any CPU.Build.0 = Release|Any CPU
		{52AD4CB6-534F-4B87-A32E-53FDBA9F6100}.Debug|Any CPU.ActiveCfg = Debug|Any CPU
		{52AD4CB6-534F-4B87-A32E-53FDBA9F6100}.Debug|Any CPU.Build.0 = Debug|Any CPU
		{52AD4CB6-534F-4B87-A32E-53FDBA9F6100}.Release|Any CPU.ActiveCfg = Release|Any CPU
		{52AD4CB6-534F-4B87-A32E-53FDBA9F6100}.Release|Any CPU.Build.0 = Release|Any CPU
	EndGlobalSection
	GlobalSection(SolutionProperties) = preSolution
		HideSolutionNode = FALSE
	EndGlobalSection
	GlobalSection(ExtensibilityGlobals) = postSolution
		SolutionGuid = {5ED86215-C445-4F37-8112-867A647FBCBE}
	EndGlobalSection
EndGlobal
